{
  "version": 4,
  "terraform_version": "1.2.8",
  "serial": 14,
  "lineage": "fa436a5a-d3c3-3ca5-8675-615029809cf8",
  "outputs": {
    "stgAcc_id": {
      "value": "/subscriptions/0b9c4dfd-d9ca-477a-b279-897de40f2d08/resourceGroups/mynewdev-rg/providers/Microsoft.Storage/storageAccounts/devstgacc1",
      "type": "string"
    },
    "subnet_id": {
      "value": "/subscriptions/0b9c4dfd-d9ca-477a-b279-897de40f2d08/resourceGroups/mynewdev-rg/providers/Microsoft.Network/virtualNetworks/dev-samplevnet1/subnets/dev-samplesubnet1",
      "type": "string"
    },
    "vnet_id": {
      "value": "/subscriptions/0b9c4dfd-d9ca-477a-b279-897de40f2d08/resourceGroups/mynewdev-rg/providers/Microsoft.Network/virtualNetworks/dev-samplevnet1",
      "type": "string"
    }
  },
  "resources": [
    {
      "mode": "managed",
      "type": "azurerm_resource_group",
      "name": "test1-rg",
      "provider": "provider[\"registry.terraform.io/hashicorp/azurerm\"]",
      "instances": [
        {
          "schema_version": 0,
          "attributes": {
            "id": "/subscriptions/0b9c4dfd-d9ca-477a-b279-897de40f2d08/resourceGroups/mynewdev-rg",
            "location": "eastus",
            "name": "mynewdev-rg",
            "tags": {
              "Env": "Dev"
            },
            "timeouts": null
          },
          "sensitive_attributes": [],
          "private": "eyJlMmJmYjczMC1lY2FhLTExZTYtOGY4OC0zNDM2M2JjN2M0YzAiOnsiY3JlYXRlIjo1NDAwMDAwMDAwMDAwLCJkZWxldGUiOjU0MDAwMDAwMDAwMDAsInJlYWQiOjMwMDAwMDAwMDAwMCwidXBkYXRlIjo1NDAwMDAwMDAwMDAwfX0="
        }
      ]
    },
    {
      "mode": "managed",
      "type": "azurerm_storage_account",
      "name": "stg1",
      "provider": "provider[\"registry.terraform.io/hashicorp/azurerm\"]",
      "instances": [
        {
          "schema_version": 3,
          "attributes": {
            "access_tier": "Hot",
            "account_kind": "BlobStorage",
            "account_replication_type": "LRS",
            "account_tier": "Standard",
            "allow_nested_items_to_be_public": true,
            "azure_files_authentication": [],
            "blob_properties": [
              {
                "change_feed_enabled": false,
                "change_feed_retention_in_days": 0,
                "container_delete_retention_policy": [],
                "cors_rule": [],
                "default_service_version": "",
                "delete_retention_policy": [],
                "last_access_time_enabled": false,
                "versioning_enabled": false
              }
            ],
            "cross_tenant_replication_enabled": true,
            "custom_domain": [],
            "customer_managed_key": [],
            "default_to_oauth_authentication": false,
            "edge_zone": "",
            "enable_https_traffic_only": true,
            "id": "/subscriptions/0b9c4dfd-d9ca-477a-b279-897de40f2d08/resourceGroups/mynewdev-rg/providers/Microsoft.Storage/storageAccounts/devstgacc1",
            "identity": [],
            "infrastructure_encryption_enabled": false,
            "is_hns_enabled": false,
            "large_file_share_enabled": null,
            "location": "eastus",
            "min_tls_version": "TLS1_2",
            "name": "devstgacc1",
            "network_rules": [
              {
                "bypass": [
                  "AzureServices"
                ],
                "default_action": "Deny",
                "ip_rules": [],
                "private_link_access": [],
                "virtual_network_subnet_ids": [
                  "/subscriptions/0b9c4dfd-d9ca-477a-b279-897de40f2d08/resourceGroups/mynewdev-rg/providers/Microsoft.Network/virtualNetworks/dev-samplevnet1/subnets/dev-samplesubnet1"
                ]
              }
            ],
            "nfsv3_enabled": false,
            "primary_access_key": "FBQGhhsUrhHOch9h7rDyQJxZvSZs+m1nClFGhVZwUEhEV4SX93p3ztBGqEiGUbZ6B4xSC+L5FBHs+AStn8uWyg==",
            "primary_blob_connection_string": "DefaultEndpointsProtocol=https;BlobEndpoint=https://devstgacc1.blob.core.windows.net/;AccountName=devstgacc1;AccountKey=FBQGhhsUrhHOch9h7rDyQJxZvSZs+m1nClFGhVZwUEhEV4SX93p3ztBGqEiGUbZ6B4xSC+L5FBHs+AStn8uWyg==",
            "primary_blob_endpoint": "https://devstgacc1.blob.core.windows.net/",
            "primary_blob_host": "devstgacc1.blob.core.windows.net",
            "primary_connection_string": "DefaultEndpointsProtocol=https;AccountName=devstgacc1;AccountKey=FBQGhhsUrhHOch9h7rDyQJxZvSZs+m1nClFGhVZwUEhEV4SX93p3ztBGqEiGUbZ6B4xSC+L5FBHs+AStn8uWyg==;EndpointSuffix=core.windows.net",
            "primary_dfs_endpoint": "https://devstgacc1.dfs.core.windows.net/",
            "primary_dfs_host": "devstgacc1.dfs.core.windows.net",
            "primary_file_endpoint": "",
            "primary_file_host": "",
            "primary_location": "eastus",
            "primary_queue_endpoint": "",
            "primary_queue_host": "",
            "primary_table_endpoint": "https://devstgacc1.table.core.windows.net/",
            "primary_table_host": "devstgacc1.table.core.windows.net",
            "primary_web_endpoint": "",
            "primary_web_host": "",
            "queue_encryption_key_type": "Service",
            "queue_properties": null,
            "resource_group_name": "mynewdev-rg",
            "routing": [],
            "secondary_access_key": "t4mMc96SwqMAdi2ZBFxqJ198lBBBUEU08vvNNRoo9K9Ss64WPPmuwSozE3OEACyAmvYbakEfJspf+AStNaDW/w==",
            "secondary_blob_connection_string": "",
            "secondary_blob_endpoint": null,
            "secondary_blob_host": null,
            "secondary_connection_string": "DefaultEndpointsProtocol=https;AccountName=devstgacc1;AccountKey=t4mMc96SwqMAdi2ZBFxqJ198lBBBUEU08vvNNRoo9K9Ss64WPPmuwSozE3OEACyAmvYbakEfJspf+AStNaDW/w==;EndpointSuffix=core.windows.net",
            "secondary_dfs_endpoint": null,
            "secondary_dfs_host": null,
            "secondary_file_endpoint": null,
            "secondary_file_host": null,
            "secondary_location": "",
            "secondary_queue_endpoint": null,
            "secondary_queue_host": null,
            "secondary_table_endpoint": null,
            "secondary_table_host": null,
            "secondary_web_endpoint": null,
            "secondary_web_host": null,
            "share_properties": null,
            "shared_access_key_enabled": true,
            "static_website": [],
            "table_encryption_key_type": "Service",
            "tags": null,
            "timeouts": null
          },
          "sensitive_attributes": [],
          "private": "eyJlMmJmYjczMC1lY2FhLTExZTYtOGY4OC0zNDM2M2JjN2M0YzAiOnsiY3JlYXRlIjozNjAwMDAwMDAwMDAwLCJkZWxldGUiOjM2MDAwMDAwMDAwMDAsInJlYWQiOjMwMDAwMDAwMDAwMCwidXBkYXRlIjozNjAwMDAwMDAwMDAwfSwic2NoZW1hX3ZlcnNpb24iOiIzIn0=",
          "dependencies": [
            "azurerm_resource_group.test1-rg",
            "azurerm_subnet.dev-subnet1",
            "azurerm_virtual_network.dev-vnet1"
          ]
        }
      ]
    },
    {
      "mode": "managed",
      "type": "azurerm_subnet",
      "name": "dev-subnet1",
      "provider": "provider[\"registry.terraform.io/hashicorp/azurerm\"]",
      "instances": [
        {
          "schema_version": 0,
          "attributes": {
            "address_prefixes": [
              "10.0.2.0/24"
            ],
            "delegation": [],
            "enforce_private_link_endpoint_network_policies": false,
            "enforce_private_link_service_network_policies": false,
            "id": "/subscriptions/0b9c4dfd-d9ca-477a-b279-897de40f2d08/resourceGroups/mynewdev-rg/providers/Microsoft.Network/virtualNetworks/dev-samplevnet1/subnets/dev-samplesubnet1",
            "name": "dev-samplesubnet1",
            "private_endpoint_network_policies_enabled": true,
            "private_link_service_network_policies_enabled": true,
            "resource_group_name": "mynewdev-rg",
            "service_endpoint_policy_ids": null,
            "service_endpoints": [
              "Microsoft.Storage"
            ],
            "timeouts": null,
            "virtual_network_name": "dev-samplevnet1"
          },
          "sensitive_attributes": [],
          "private": "eyJlMmJmYjczMC1lY2FhLTExZTYtOGY4OC0zNDM2M2JjN2M0YzAiOnsiY3JlYXRlIjoxODAwMDAwMDAwMDAwLCJkZWxldGUiOjE4MDAwMDAwMDAwMDAsInJlYWQiOjMwMDAwMDAwMDAwMCwidXBkYXRlIjoxODAwMDAwMDAwMDAwfX0=",
          "dependencies": [
            "azurerm_resource_group.test1-rg",
            "azurerm_virtual_network.dev-vnet1"
          ]
        }
      ]
    },
    {
      "mode": "managed",
      "type": "azurerm_virtual_network",
      "name": "dev-vnet1",
      "provider": "provider[\"registry.terraform.io/hashicorp/azurerm\"]",
      "instances": [
        {
          "schema_version": 0,
          "attributes": {
            "address_space": [
              "10.0.0.0/16"
            ],
            "bgp_community": "",
            "ddos_protection_plan": [],
            "dns_servers": [],
            "edge_zone": "",
            "flow_timeout_in_minutes": 0,
            "guid": "33499e74-68ab-4a19-a786-0e39ecd72877",
            "id": "/subscriptions/0b9c4dfd-d9ca-477a-b279-897de40f2d08/resourceGroups/mynewdev-rg/providers/Microsoft.Network/virtualNetworks/dev-samplevnet1",
            "location": "eastus",
            "name": "dev-samplevnet1",
            "resource_group_name": "mynewdev-rg",
            "subnet": [],
            "tags": null,
            "timeouts": null
          },
          "sensitive_attributes": [],
          "private": "eyJlMmJmYjczMC1lY2FhLTExZTYtOGY4OC0zNDM2M2JjN2M0YzAiOnsiY3JlYXRlIjoxODAwMDAwMDAwMDAwLCJkZWxldGUiOjE4MDAwMDAwMDAwMDAsInJlYWQiOjMwMDAwMDAwMDAwMCwidXBkYXRlIjoxODAwMDAwMDAwMDAwfX0=",
          "dependencies": [
            "azurerm_resource_group.test1-rg"
          ]
        }
      ]
    }
  ]
}
